
Microsoft Visual Studio Solution File, Format Version 12.00
# Visual Studio Version 17
VisualStudioVersion = 17.2.32630.192
MinimumVisualStudioVersion = 10.0.40219.1
Project("{FAE04EC0-301F-11D3-BF4B-00C04F79EFBC}") = "Xadrez", "Xadrez\Xadrez.csproj", "{66228538-7F97-4E33-B31B-921983D4CF0B}"
EndProject
Global
	GlobalSection(SolutionConfigurationPlatforms) = preSolution
		Debug|Any CPU = Debug|Any CPU
		Release|Any CPU = Release|Any CPU
	EndGlobalSection
	GlobalSection(ProjectConfigurationPlatforms) = postSolution
		{66228538-7F97-4E33-B31B-921983D4CF0B}.Debug|Any CPU.ActiveCfg = Debug|Any CPU
		{66228538-7F97-4E33-B31B-921983D4CF0B}.Debug|Any CPU.Build.0 = Debug|Any CPU
		{66228538-7F97-4E33-B31B-921983D4CF0B}.Release|Any CPU.ActiveCfg = Release|Any CPU
		{66228538-7F97-4E33-B31B-921983D4CF0B}.Release|Any CPU.Build.0 = Release|Any CPU
	EndGlobalSection
	GlobalSection(SolutionProperties) = preSolution
		HideSolutionNode = FALSE
	EndGlobalSection
	GlobalSection(ExtensibilityGlobals) = postSolution
		SolutionGuid = {54BF71B8-2999-4879-B5AC-87D184F54436}
	EndGlobalSection
EndGlobal
